
Microsoft Visual Studio Solution File, Format Version 12.00
# Visual Studio Version 16
VisualStudioVersion = 16.0.29326.143
MinimumVisualStudioVersion = 10.0.40219.1
Project("{2150E333-8FDC-42A3-9474-1A3956D46DE8}") = "Solution Items", "Solution Items", "{77FF66B6-5E7D-4BDB-BBBB-2951AF2CEC17}"
	ProjectSection(SolutionItems) = preProject
		azure-pipeline.yml = azure-pipeline.yml
		..\..\..\..\Directory.Build.props = ..\..\..\..\Directory.Build.props
		..\..\..\..\Extensions.ruleset = ..\..\..\..\Extensions.ruleset
		..\..\..\..\OSIsoft.ruleset = ..\..\..\..\OSIsoft.ruleset
		polaris.yml = polaris.yml
	EndProjectSection
EndProject
Project("{9A19103F-16F7-4668-BE54-9A1E7A4F7556}") = "AssetRestApiCore", "AssetRestApiCore\AssetRestApiCore.csproj", "{CBDEF3B8-96DE-48A6-A445-7865D4A1044E}"
EndProject
Project("{9A19103F-16F7-4668-BE54-9A1E7A4F7556}") = "AssetRestApiCoreTest", "AssetRestApiCoreTest\AssetRestApiCoreTest.csproj", "{6B8B3B54-F1FA-46A7-8BB8-3899E02D5A52}"
	ProjectSection(ProjectDependencies) = postProject
		{CBDEF3B8-96DE-48A6-A445-7865D4A1044E} = {CBDEF3B8-96DE-48A6-A445-7865D4A1044E}
	EndProjectSection
EndProject
Global
	GlobalSection(SolutionConfigurationPlatforms) = preSolution
		Debug|Any CPU = Debug|Any CPU
		Release|Any CPU = Release|Any CPU
	EndGlobalSection
	GlobalSection(ProjectConfigurationPlatforms) = postSolution
		{CBDEF3B8-96DE-48A6-A445-7865D4A1044E}.Debug|Any CPU.ActiveCfg = Debug|Any CPU
		{CBDEF3B8-96DE-48A6-A445-7865D4A1044E}.Debug|Any CPU.Build.0 = Debug|Any CPU
		{CBDEF3B8-96DE-48A6-A445-7865D4A1044E}.Release|Any CPU.ActiveCfg = Release|Any CPU
		{CBDEF3B8-96DE-48A6-A445-7865D4A1044E}.Release|Any CPU.Build.0 = Release|Any CPU
		{6B8B3B54-F1FA-46A7-8BB8-3899E02D5A52}.Debug|Any CPU.ActiveCfg = Debug|Any CPU
		{6B8B3B54-F1FA-46A7-8BB8-3899E02D5A52}.Debug|Any CPU.Build.0 = Debug|Any CPU
		{6B8B3B54-F1FA-46A7-8BB8-3899E02D5A52}.Release|Any CPU.ActiveCfg = Release|Any CPU
		{6B8B3B54-F1FA-46A7-8BB8-3899E02D5A52}.Release|Any CPU.Build.0 = Release|Any CPU
	EndGlobalSection
	GlobalSection(SolutionProperties) = preSolution
		HideSolutionNode = FALSE
	EndGlobalSection
	GlobalSection(ExtensibilityGlobals) = postSolution
		SolutionGuid = {C59E0161-5777-4C69-A5A2-C6DD491F1CF0}
	EndGlobalSection
EndGlobal
